
Microsoft Visual Studio Solution File, Format Version 12.00
# Visual Studio Version 17
VisualStudioVersion = 17.0.31919.166
MinimumVisualStudioVersion = 10.0.40219.1
Project("{FAE04EC0-301F-11D3-BF4B-00C04F79EFBC}") = "AutoDisplayRotate", "AutoDisplayRotate.csproj", "{419E9D07-7E0C-42C9-84C1-FD6E4090CF38}"
EndProject
Global
	GlobalSection(SolutionConfigurationPlatforms) = preSolution
		Debug|Any CPU = Debug|Any CPU
		Release|Any CPU = Release|Any CPU
	EndGlobalSection
	GlobalSection(ProjectConfigurationPlatforms) = postSolution
		{419E9D07-7E0C-42C9-84C1-FD6E4090CF38}.Debug|Any CPU.ActiveCfg = Debug|Any CPU
		{419E9D07-7E0C-42C9-84C1-FD6E4090CF38}.Debug|Any CPU.Build.0 = Debug|Any CPU
		{419E9D07-7E0C-42C9-84C1-FD6E4090CF38}.Release|Any CPU.ActiveCfg = Release|Any CPU
		{419E9D07-7E0C-42C9-84C1-FD6E4090CF38}.Release|Any CPU.Build.0 = Release|Any CPU
	EndGlobalSection
	GlobalSection(SolutionProperties) = preSolution
		HideSolutionNode = FALSE
	EndGlobalSection
	GlobalSection(ExtensibilityGlobals) = postSolution
		SolutionGuid = {D0DFDFC5-C5FB-43E9-8EAF-7F0CC601D791}
	EndGlobalSection
EndGlobal
